schema = "reprobuild.solved-graph-lock.v2"

[lock]
platform = "amd64-linux"
optimal = false
inputs_digest = "fnv1a64:aab45143b91464f6"
variants = []
packages = [{ name = "gcc", version = "12.0.0", source = "gcc", selection = "selected" }, { name = "isonim", version = "1.0.0", source = "isonim", selection = "selected" }, { name = "isonim-cocoa", version = "1.0.0", source = "isonim-cocoa", selection = "selected" }, { name = "isonim-freya", version = "1.0.0", source = "isonim-freya", selection = "selected" }, { name = "isonim-gpui", version = "1.0.0", source = "isonim-gpui", selection = "selected" }, { name = "isonim-render-serve", version = "1.0.0", source = "isonim-render-serve", selection = "selected" }, { name = "isonim-tui", version = "1.0.0", source = "isonim-tui", selection = "selected" }, { name = "isonim-tui-serve", version = "1.0.0", source = "isonim-tui-serve", selection = "selected" }, { name = "isonim_examples", version = "0.1.0", source = "isonim_examples", selection = "selected" }, { name = "nim", version = "2.0.0", source = "nim", selection = "selected" }, { name = "nim-acp", version = "1.0.0", source = "nim-acp", selection = "selected" }, { name = "nim-agent-harbor", version = "1.0.0", source = "nim-agent-harbor", selection = "selected" }, { name = "nim-agents", version = "1.0.0", source = "nim-agents", selection = "selected" }, { name = "nim-everywhere", version = "1.0.0", source = "nim-everywhere", selection = "selected" }, { name = "nim-pty", version = "1.0.0", source = "nim-pty", selection = "selected" }, { name = "nim-termctl", version = "1.0.0", source = "nim-termctl", selection = "selected" }]
deps = [{ name = "isonim", path = "../isonim", coord_kind = "vcs", url = "https://github.com/metacraft-labs/isonim", ref = "mcr-stege0-and-fixes", revision = "3fa8fbe52b082067c7d40233bbd1b13901016362", integrity = "git-sha1:3fa8fbe52b082067c7d40233bbd1b13901016362", version = "", visibility = "public", participation = "", depends = "", tags = "" }, { name = "isonim-android", path = "../isonim-android", coord_kind = "vcs", url = "https://github.com/metacraft-labs/isonim-android", ref = "mcr-stege0-and-fixes", revision = "f0ee11f65c317b9faee6f1c19975e9bf3a7dac16", integrity = "git-sha1:f0ee11f65c317b9faee6f1c19975e9bf3a7dac16", version = "", visibility = "public", participation = "", depends = "", tags = "" }, { name = "isonim-cocoa", path = "../isonim-cocoa", coord_kind = "vcs", url = "https://github.com/metacraft-labs/isonim-cocoa", ref = "mcr-stege0-and-fixes", revision = "d1b76c3270434afade09fccec061aa961d9d2db9", integrity = "git-sha1:d1b76c3270434afade09fccec061aa961d9d2db9", version = "", visibility = "public", participation = "", depends = "", tags = "" }, { name = "isonim-examples", path = ".", coord_kind = "vcs", url = "https://github.com/metacraft-labs/isonim-examples", ref = "claude/dev-shell-own-repo-hooks", revision = "320f90d5710413e8ce126148b325253477697fe6", integrity = "git-sha1:320f90d5710413e8ce126148b325253477697fe6", version = "", visibility = "public", participation = "", depends = "isonim,isonim-tui,isonim-freya,isonim-gpui,isonim-cocoa,isonim-render-serve,isonim-tui-serve,nim-acp,nim-agent-harbor,nim-agents,nim-everywhere,nim-pty,nim-termctl,isonim-android", tags = "" }, { name = "isonim-freya", path = "../isonim-freya", coord_kind = "vcs", url = "https://github.com/metacraft-labs/isonim-freya", ref = "mcr-stege0-and-fixes", revision = "8a401d3cae967f7c6b24c6cfc731fcdfa70626a2", integrity = "git-sha1:8a401d3cae967f7c6b24c6cfc731fcdfa70626a2", version = "", visibility = "public", participation = "", depends = "", tags = "" }, { name = "isonim-gpui", path = "../isonim-gpui", coord_kind = "vcs", url = "https://github.com/metacraft-labs/isonim-gpui", ref = "mcr-stege0-and-fixes", revision = "bf41f2d0f38ad95ac275e7e28d130a62bf2bcb53", integrity = "git-sha1:bf41f2d0f38ad95ac275e7e28d130a62bf2bcb53", version = "", visibility = "public", participation = "", depends = "", tags = "" }, { name = "isonim-render-serve", path = "../isonim-render-serve", coord_kind = "vcs", url = "https://github.com/metacraft-labs/isonim-render-serve", ref = "mcr-stege0-and-fixes", revision = "d8727cb957a94f566e935178abb3f0e4bb0492dc", integrity = "git-sha1:d8727cb957a94f566e935178abb3f0e4bb0492dc", version = "", visibility = "public", participation = "", depends = "", tags = "" }, { name = "isonim-tui", path = "../isonim-tui", coord_kind = "vcs", url = "https://github.com/metacraft-labs/isonim-tui", ref = "mcr-stege0-and-fixes", revision = "4c0826ebdfe3347efe429901ac00f9e2aa85ca45", integrity = "git-sha1:4c0826ebdfe3347efe429901ac00f9e2aa85ca45", version = "", visibility = "public", participation = "", depends = "", tags = "" }, { name = "isonim-tui-serve", path = "../isonim-tui-serve", coord_kind = "vcs", url = "https://github.com/metacraft-labs/isonim-tui-serve", ref = "mcr-stege0-and-fixes", revision = "fcb72aaaf0ebc9c34427abedae5df100e349490e", integrity = "git-sha1:fcb72aaaf0ebc9c34427abedae5df100e349490e", version = "", visibility = "public", participation = "", depends = "", tags = "" }, { name = "nim-acp", path = "../nim-acp", coord_kind = "vcs", url = "https://github.com/metacraft-labs/nim-acp", ref = "mcr-stege0-and-fixes", revision = "3e762e763fc51dcda9e992ae9b5fa9e3f593c2df", integrity = "git-sha1:3e762e763fc51dcda9e992ae9b5fa9e3f593c2df", version = "", visibility = "public", participation = "", depends = "", tags = "" }, { name = "nim-agent-harbor", path = "../nim-agent-harbor", coord_kind = "vcs", url = "https://github.com/metacraft-labs/nim-agent-harbor", ref = "mcr-stege0-and-fixes", revision = "eed5c639d0a835144850c06d7eb2dc874ab46ec4", integrity = "git-sha1:eed5c639d0a835144850c06d7eb2dc874ab46ec4", version = "", visibility = "public", participation = "", depends = "", tags = "" }, { name = "nim-agents", path = "../nim-agents", coord_kind = "vcs", url = "https://github.com/metacraft-labs/nim-agents", ref = "mcr-stege0-and-fixes", revision = "281367c300447891da887650d075e65539cb4785", integrity = "git-sha1:281367c300447891da887650d075e65539cb4785", version = "", visibility = "public", participation = "", depends = "", tags = "" }, { name = "nim-everywhere", path = "../nim-everywhere", coord_kind = "vcs", url = "https://github.com/metacraft-labs/nim-everywhere", ref = "mcr-stege0-and-fixes", revision = "015a410ebd4257b0b0e5772a0a94e446a505f9b7", integrity = "git-sha1:015a410ebd4257b0b0e5772a0a94e446a505f9b7", version = "", visibility = "public", participation = "", depends = "", tags = "" }, { name = "nim-pty", path = "../nim-pty", coord_kind = "vcs", url = "https://github.com/metacraft-labs/nim-pty", ref = "mcr-stege0-and-fixes", revision = "d3ba66cbd4456f5c60af73a4c9515d45eee58d2b", integrity = "git-sha1:d3ba66cbd4456f5c60af73a4c9515d45eee58d2b", version = "", visibility = "public", participation = "", depends = "", tags = "" }, { name = "nim-termctl", path = "../nim-termctl", coord_kind = "vcs", url = "https://github.com/metacraft-labs/nim-termctl", ref = "mcr-stege0-and-fixes", revision = "9a26346965752871b232afc7f90db18729b4d688", integrity = "git-sha1:9a26346965752871b232afc7f90db18729b4d688", version = "", visibility = "public", participation = "", depends = "", tags = "" }]
