schema = "reprobuild.solved-graph-lock.v2"

[lock]
platform = "amd64-linux"
optimal = false
inputs_digest = "fnv1a64:aab45143b91464f6"
variants = []
packages = [{ name = "gcc", version = "12.0.0", source = "gcc", selection = "selected" }, { name = "isonim", version = "1.0.0", source = "isonim", selection = "selected" }, { name = "isonim-cocoa", version = "1.0.0", source = "isonim-cocoa", selection = "selected" }, { name = "isonim-freya", version = "1.0.0", source = "isonim-freya", selection = "selected" }, { name = "isonim-gpui", version = "1.0.0", source = "isonim-gpui", selection = "selected" }, { name = "isonim-render-serve", version = "1.0.0", source = "isonim-render-serve", selection = "selected" }, { name = "isonim-tui", version = "1.0.0", source = "isonim-tui", selection = "selected" }, { name = "isonim-tui-serve", version = "1.0.0", source = "isonim-tui-serve", selection = "selected" }, { name = "isonim_examples", version = "0.1.0", source = "isonim_examples", selection = "selected" }, { name = "nim", version = "2.0.0", source = "nim", selection = "selected" }, { name = "nim-acp", version = "1.0.0", source = "nim-acp", selection = "selected" }, { name = "nim-agent-harbor", version = "1.0.0", source = "nim-agent-harbor", selection = "selected" }, { name = "nim-agents", version = "1.0.0", source = "nim-agents", selection = "selected" }, { name = "nim-everywhere", version = "1.0.0", source = "nim-everywhere", selection = "selected" }, { name = "nim-pty", version = "1.0.0", source = "nim-pty", selection = "selected" }, { name = "nim-termctl", version = "1.0.0", source = "nim-termctl", selection = "selected" }]
deps = [{ name = "isonim", path = "../isonim", coord_kind = "vcs", url = "https://github.com/metacraft-labs/isonim", ref = "claude/hookspath-absolute", revision = "7fec7f371a0b263ff26ca9a2663667791d6d79ef", integrity = "git-sha1:7fec7f371a0b263ff26ca9a2663667791d6d79ef", version = "", visibility = "public", participation = "", depends = "", tags = "" }, { name = "isonim-android", path = "../isonim-android", coord_kind = "vcs", url = "https://github.com/metacraft-labs/isonim-android", ref = "blocktracer", revision = "712adbcb0c414c26dcf02ee30428e951e4f0efb8", integrity = "git-sha1:712adbcb0c414c26dcf02ee30428e951e4f0efb8", version = "", visibility = "public", participation = "", depends = "", tags = "" }, { name = "isonim-cocoa", path = "../isonim-cocoa", coord_kind = "vcs", url = "https://github.com/metacraft-labs/isonim-cocoa", ref = "blocktracer", revision = "da5c6b392b06f7a44ececd48ed5ca0bfaf8841ee", integrity = "git-sha1:da5c6b392b06f7a44ececd48ed5ca0bfaf8841ee", version = "", visibility = "public", participation = "", depends = "", tags = "" }, { name = "isonim-examples", path = ".", coord_kind = "vcs", url = "https://github.com/metacraft-labs/isonim-examples", ref = "claude/dev-shell-own-repo-hooks", revision = "320f90d5710413e8ce126148b325253477697fe6", integrity = "git-sha1:320f90d5710413e8ce126148b325253477697fe6", version = "", visibility = "public", participation = "", depends = "isonim,isonim-tui,isonim-freya,isonim-gpui,isonim-cocoa,isonim-render-serve,isonim-tui-serve,nim-acp,nim-agent-harbor,nim-agents,nim-everywhere,nim-pty,nim-termctl,isonim-android", tags = "" }, { name = "isonim-freya", path = "../isonim-freya", coord_kind = "vcs", url = "https://github.com/metacraft-labs/isonim-freya", ref = "blocktracer", revision = "2931895636e95b00d33a5a20d3369373a70d13c7", integrity = "git-sha1:2931895636e95b00d33a5a20d3369373a70d13c7", version = "", visibility = "public", participation = "", depends = "", tags = "" }, { name = "isonim-gpui", path = "../isonim-gpui", coord_kind = "vcs", url = "https://github.com/metacraft-labs/isonim-gpui", ref = "blocktracer", revision = "4b3ed3e2c432780d23724b88d69ae52954b95369", integrity = "git-sha1:4b3ed3e2c432780d23724b88d69ae52954b95369", version = "", visibility = "public", participation = "", depends = "", tags = "" }, { name = "isonim-render-serve", path = "../isonim-render-serve", coord_kind = "vcs", url = "https://github.com/metacraft-labs/isonim-render-serve", ref = "claude/hookspath-absolute", revision = "d070260a70458fec716d13cd0e7e977391db3b56", integrity = "git-sha1:d070260a70458fec716d13cd0e7e977391db3b56", version = "", visibility = "public", participation = "", depends = "", tags = "" }, { name = "isonim-tui", path = "../isonim-tui", coord_kind = "vcs", url = "https://github.com/metacraft-labs/isonim-tui", ref = "claude/hookspath-absolute", revision = "874eee12b51297879f825ae03ed3d456d6cd263a", integrity = "git-sha1:874eee12b51297879f825ae03ed3d456d6cd263a", version = "", visibility = "public", participation = "", depends = "", tags = "" }, { name = "isonim-tui-serve", path = "../isonim-tui-serve", coord_kind = "vcs", url = "https://github.com/metacraft-labs/isonim-tui-serve", ref = "claude/hookspath-absolute", revision = "53799352669231f6f390fe226d245b4e80e14a4e", integrity = "git-sha1:53799352669231f6f390fe226d245b4e80e14a4e", version = "", visibility = "public", participation = "", depends = "", tags = "" }, { name = "nim-acp", path = "../nim-acp", coord_kind = "vcs", url = "https://github.com/metacraft-labs/nim-acp", ref = "claude/hookspath-absolute", revision = "72c85784f1a195707d14e98b12e13cd2065bbe9e", integrity = "git-sha1:72c85784f1a195707d14e98b12e13cd2065bbe9e", version = "", visibility = "public", participation = "", depends = "", tags = "" }, { name = "nim-agent-harbor", path = "../nim-agent-harbor", coord_kind = "vcs", url = "https://github.com/metacraft-labs/nim-agent-harbor", ref = "claude/hookspath-absolute", revision = "3557f12b37997be481a7e8faf5b59b0daef8a556", integrity = "git-sha1:3557f12b37997be481a7e8faf5b59b0daef8a556", version = "", visibility = "public", participation = "", depends = "", tags = "" }, { name = "nim-agents", path = "../nim-agents", coord_kind = "vcs", url = "https://github.com/metacraft-labs/nim-agents", ref = "claude/hookspath-absolute", revision = "01a288385afba74068771a1a1f59b66544a21a66", integrity = "git-sha1:01a288385afba74068771a1a1f59b66544a21a66", version = "", visibility = "public", participation = "", depends = "", tags = "" }, { name = "nim-everywhere", path = "../nim-everywhere", coord_kind = "vcs", url = "https://github.com/metacraft-labs/nim-everywhere", ref = "claude/hookspath-absolute", revision = "e5655e68fd46b82e28c10c26115b5d6ef1c264b6", integrity = "git-sha1:e5655e68fd46b82e28c10c26115b5d6ef1c264b6", version = "", visibility = "public", participation = "", depends = "", tags = "" }, { name = "nim-pty", path = "../nim-pty", coord_kind = "vcs", url = "https://github.com/metacraft-labs/nim-pty", ref = "claude/hookspath-absolute", revision = "2c14f4ecce4f1ac0e572bf509647cce29f90cf91", integrity = "git-sha1:2c14f4ecce4f1ac0e572bf509647cce29f90cf91", version = "", visibility = "public", participation = "", depends = "", tags = "" }, { name = "nim-termctl", path = "../nim-termctl", coord_kind = "vcs", url = "https://github.com/metacraft-labs/nim-termctl", ref = "claude/hookspath-absolute", revision = "2251d7516096019683f04689c11166829c4e14dc", integrity = "git-sha1:2251d7516096019683f04689c11166829c4e14dc", version = "", visibility = "public", participation = "", depends = "", tags = "" }]
